
Microsoft Visual Studio Solution File, Format Version 12.00
# Visual Studio Version 17
VisualStudioVersion = 17.0.31903.59
MinimumVisualStudioVersion = 10.0.40219.1
Project("{2150E333-8FDC-42A3-9474-1A3956D46DE8}") = "Solution Items", "Solution Items", "{BE92BA39-C69F-4DAE-8E96-E1BE09F9F41B}"
	ProjectSection(SolutionItems) = preProject
		.editorconfig = .editorconfig
		.gitattributes = .gitattributes
		.gitignore = .gitignore
		Directory.Build.props = Directory.Build.props
		Directory.Build.targets = Directory.Build.targets
		README.md = README.md
	EndProjectSection
EndProject
Project("{9A19103F-16F7-4668-BE54-9A1E7A4F7556}") = "UnitTests", "tests\UnitTests\UnitTests.csproj", "{88AD9C44-14AD-452C-B904-997FF6D99D3B}"
EndProject
Project("{9A19103F-16F7-4668-BE54-9A1E7A4F7556}") = "Keyden.App", "src\Keyden.App\Keyden.App.csproj", "{EB4248AF-F29F-49B0-96F3-6757A762A073}"
EndProject
Project("{9A19103F-16F7-4668-BE54-9A1E7A4F7556}") = "Keyden.Desktop.Windows", "src\Keyden.Desktop.Windows\Keyden.Desktop.Windows.csproj", "{CC879A46-2815-42B6-84DA-395299F5663D}"
EndProject
Project("{9A19103F-16F7-4668-BE54-9A1E7A4F7556}") = "Keyden.Core", "src\Keyden.Core\Keyden.Core.csproj", "{D2D4664C-0A6C-40CD-9915-D6C6814664C6}"
EndProject
Project("{9A19103F-16F7-4668-BE54-9A1E7A4F7556}") = "SshAgentTest", "tests\SshAgentTest\SshAgentTest.csproj", "{C3E5C456-F45E-4FC9-8EEB-AF6337CE26A1}"
EndProject
Project("{9A19103F-16F7-4668-BE54-9A1E7A4F7556}") = "Keyden.Desktop.Unix", "src\Keyden.Desktop.Unix\Keyden.Desktop.Unix.csproj", "{9D7AA409-A924-484E-9E25-85795D1D013F}"
EndProject
Project("{2150E333-8FDC-42A3-9474-1A3956D46DE8}") = "GitHub", "GitHub", "{7CFFD7CB-EDEA-4569-B66C-2A93D7541BC3}"
	ProjectSection(SolutionItems) = preProject
		.github\workflows\cicd.yml = .github\workflows\cicd.yml
		.github\dependabot.yml = .github\dependabot.yml
		.github\workflows\deploy-release.yml = .github\workflows\deploy-release.yml
	EndProjectSection
EndProject
Global
	GlobalSection(SolutionConfigurationPlatforms) = preSolution
		Debug|Any CPU = Debug|Any CPU
		Debug|ARM = Debug|ARM
		Debug|ARM64 = Debug|ARM64
		Debug|x64 = Debug|x64
		Debug|x86 = Debug|x86
		Release|Any CPU = Release|Any CPU
		Release|ARM = Release|ARM
		Release|ARM64 = Release|ARM64
		Release|x64 = Release|x64
		Release|x86 = Release|x86
	EndGlobalSection
	GlobalSection(ProjectConfigurationPlatforms) = postSolution
		{88AD9C44-14AD-452C-B904-997FF6D99D3B}.Debug|Any CPU.ActiveCfg = Debug|Any CPU
		{88AD9C44-14AD-452C-B904-997FF6D99D3B}.Debug|Any CPU.Build.0 = Debug|Any CPU
		{88AD9C44-14AD-452C-B904-997FF6D99D3B}.Debug|ARM.ActiveCfg = Debug|Any CPU
		{88AD9C44-14AD-452C-B904-997FF6D99D3B}.Debug|ARM.Build.0 = Debug|Any CPU
		{88AD9C44-14AD-452C-B904-997FF6D99D3B}.Debug|ARM64.ActiveCfg = Debug|Any CPU
		{88AD9C44-14AD-452C-B904-997FF6D99D3B}.Debug|ARM64.Build.0 = Debug|Any CPU
		{88AD9C44-14AD-452C-B904-997FF6D99D3B}.Debug|x64.ActiveCfg = Debug|Any CPU
		{88AD9C44-14AD-452C-B904-997FF6D99D3B}.Debug|x64.Build.0 = Debug|Any CPU
		{88AD9C44-14AD-452C-B904-997FF6D99D3B}.Debug|x86.ActiveCfg = Debug|Any CPU
		{88AD9C44-14AD-452C-B904-997FF6D99D3B}.Debug|x86.Build.0 = Debug|Any CPU
		{88AD9C44-14AD-452C-B904-997FF6D99D3B}.Release|Any CPU.ActiveCfg = Release|Any CPU
		{88AD9C44-14AD-452C-B904-997FF6D99D3B}.Release|Any CPU.Build.0 = Release|Any CPU
		{88AD9C44-14AD-452C-B904-997FF6D99D3B}.Release|ARM.ActiveCfg = Release|Any CPU
		{88AD9C44-14AD-452C-B904-997FF6D99D3B}.Release|ARM.Build.0 = Release|Any CPU
		{88AD9C44-14AD-452C-B904-997FF6D99D3B}.Release|ARM64.ActiveCfg = Release|Any CPU
		{88AD9C44-14AD-452C-B904-997FF6D99D3B}.Release|ARM64.Build.0 = Release|Any CPU
		{88AD9C44-14AD-452C-B904-997FF6D99D3B}.Release|x64.ActiveCfg = Release|Any CPU
		{88AD9C44-14AD-452C-B904-997FF6D99D3B}.Release|x64.Build.0 = Release|Any CPU
		{88AD9C44-14AD-452C-B904-997FF6D99D3B}.Release|x86.ActiveCfg = Release|Any CPU
		{88AD9C44-14AD-452C-B904-997FF6D99D3B}.Release|x86.Build.0 = Release|Any CPU
		{EB4248AF-F29F-49B0-96F3-6757A762A073}.Debug|Any CPU.ActiveCfg = Debug|Any CPU
		{EB4248AF-F29F-49B0-96F3-6757A762A073}.Debug|Any CPU.Build.0 = Debug|Any CPU
		{EB4248AF-F29F-49B0-96F3-6757A762A073}.Debug|ARM.ActiveCfg = Debug|Any CPU
		{EB4248AF-F29F-49B0-96F3-6757A762A073}.Debug|ARM.Build.0 = Debug|Any CPU
		{EB4248AF-F29F-49B0-96F3-6757A762A073}.Debug|ARM64.ActiveCfg = Debug|Any CPU
		{EB4248AF-F29F-49B0-96F3-6757A762A073}.Debug|ARM64.Build.0 = Debug|Any CPU
		{EB4248AF-F29F-49B0-96F3-6757A762A073}.Debug|x64.ActiveCfg = Debug|Any CPU
		{EB4248AF-F29F-49B0-96F3-6757A762A073}.Debug|x64.Build.0 = Debug|Any CPU
		{EB4248AF-F29F-49B0-96F3-6757A762A073}.Debug|x86.ActiveCfg = Debug|Any CPU
		{EB4248AF-F29F-49B0-96F3-6757A762A073}.Debug|x86.Build.0 = Debug|Any CPU
		{EB4248AF-F29F-49B0-96F3-6757A762A073}.Release|Any CPU.ActiveCfg = Release|Any CPU
		{EB4248AF-F29F-49B0-96F3-6757A762A073}.Release|Any CPU.Build.0 = Release|Any CPU
		{EB4248AF-F29F-49B0-96F3-6757A762A073}.Release|ARM.ActiveCfg = Release|Any CPU
		{EB4248AF-F29F-49B0-96F3-6757A762A073}.Release|ARM.Build.0 = Release|Any CPU
		{EB4248AF-F29F-49B0-96F3-6757A762A073}.Release|ARM64.ActiveCfg = Release|Any CPU
		{EB4248AF-F29F-49B0-96F3-6757A762A073}.Release|ARM64.Build.0 = Release|Any CPU
		{EB4248AF-F29F-49B0-96F3-6757A762A073}.Release|x64.ActiveCfg = Release|Any CPU
		{EB4248AF-F29F-49B0-96F3-6757A762A073}.Release|x64.Build.0 = Release|Any CPU
		{EB4248AF-F29F-49B0-96F3-6757A762A073}.Release|x86.ActiveCfg = Release|Any CPU
		{EB4248AF-F29F-49B0-96F3-6757A762A073}.Release|x86.Build.0 = Release|Any CPU
		{CC879A46-2815-42B6-84DA-395299F5663D}.Debug|Any CPU.ActiveCfg = Debug|Any CPU
		{CC879A46-2815-42B6-84DA-395299F5663D}.Debug|Any CPU.Build.0 = Debug|Any CPU
		{CC879A46-2815-42B6-84DA-395299F5663D}.Debug|ARM.ActiveCfg = Debug|ARM32
		{CC879A46-2815-42B6-84DA-395299F5663D}.Debug|ARM.Build.0 = Debug|ARM32
		{CC879A46-2815-42B6-84DA-395299F5663D}.Debug|ARM64.ActiveCfg = Debug|ARM64
		{CC879A46-2815-42B6-84DA-395299F5663D}.Debug|ARM64.Build.0 = Debug|ARM64
		{CC879A46-2815-42B6-84DA-395299F5663D}.Debug|x64.ActiveCfg = Debug|x64
		{CC879A46-2815-42B6-84DA-395299F5663D}.Debug|x64.Build.0 = Debug|x64
		{CC879A46-2815-42B6-84DA-395299F5663D}.Debug|x86.ActiveCfg = Debug|x86
		{CC879A46-2815-42B6-84DA-395299F5663D}.Debug|x86.Build.0 = Debug|x86
		{CC879A46-2815-42B6-84DA-395299F5663D}.Release|Any CPU.ActiveCfg = Release|Any CPU
		{CC879A46-2815-42B6-84DA-395299F5663D}.Release|Any CPU.Build.0 = Release|Any CPU
		{CC879A46-2815-42B6-84DA-395299F5663D}.Release|ARM.ActiveCfg = Release|ARM32
		{CC879A46-2815-42B6-84DA-395299F5663D}.Release|ARM.Build.0 = Release|ARM32
		{CC879A46-2815-42B6-84DA-395299F5663D}.Release|ARM64.ActiveCfg = Release|ARM64
		{CC879A46-2815-42B6-84DA-395299F5663D}.Release|ARM64.Build.0 = Release|ARM64
		{CC879A46-2815-42B6-84DA-395299F5663D}.Release|x64.ActiveCfg = Release|x64
		{CC879A46-2815-42B6-84DA-395299F5663D}.Release|x64.Build.0 = Release|x64
		{CC879A46-2815-42B6-84DA-395299F5663D}.Release|x86.ActiveCfg = Release|x86
		{CC879A46-2815-42B6-84DA-395299F5663D}.Release|x86.Build.0 = Release|x86
		{D2D4664C-0A6C-40CD-9915-D6C6814664C6}.Debug|Any CPU.ActiveCfg = Debug|Any CPU
		{D2D4664C-0A6C-40CD-9915-D6C6814664C6}.Debug|Any CPU.Build.0 = Debug|Any CPU
		{D2D4664C-0A6C-40CD-9915-D6C6814664C6}.Debug|ARM.ActiveCfg = Debug|Any CPU
		{D2D4664C-0A6C-40CD-9915-D6C6814664C6}.Debug|ARM.Build.0 = Debug|Any CPU
		{D2D4664C-0A6C-40CD-9915-D6C6814664C6}.Debug|ARM64.ActiveCfg = Debug|Any CPU
		{D2D4664C-0A6C-40CD-9915-D6C6814664C6}.Debug|ARM64.Build.0 = Debug|Any CPU
		{D2D4664C-0A6C-40CD-9915-D6C6814664C6}.Debug|x64.ActiveCfg = Debug|Any CPU
		{D2D4664C-0A6C-40CD-9915-D6C6814664C6}.Debug|x64.Build.0 = Debug|Any CPU
		{D2D4664C-0A6C-40CD-9915-D6C6814664C6}.Debug|x86.ActiveCfg = Debug|Any CPU
		{D2D4664C-0A6C-40CD-9915-D6C6814664C6}.Debug|x86.Build.0 = Debug|Any CPU
		{D2D4664C-0A6C-40CD-9915-D6C6814664C6}.Release|Any CPU.ActiveCfg = Release|Any CPU
		{D2D4664C-0A6C-40CD-9915-D6C6814664C6}.Release|Any CPU.Build.0 = Release|Any CPU
		{D2D4664C-0A6C-40CD-9915-D6C6814664C6}.Release|ARM.ActiveCfg = Release|Any CPU
		{D2D4664C-0A6C-40CD-9915-D6C6814664C6}.Release|ARM.Build.0 = Release|Any CPU
		{D2D4664C-0A6C-40CD-9915-D6C6814664C6}.Release|ARM64.ActiveCfg = Release|Any CPU
		{D2D4664C-0A6C-40CD-9915-D6C6814664C6}.Release|ARM64.Build.0 = Release|Any CPU
		{D2D4664C-0A6C-40CD-9915-D6C6814664C6}.Release|x64.ActiveCfg = Release|Any CPU
		{D2D4664C-0A6C-40CD-9915-D6C6814664C6}.Release|x64.Build.0 = Release|Any CPU
		{D2D4664C-0A6C-40CD-9915-D6C6814664C6}.Release|x86.ActiveCfg = Release|Any CPU
		{D2D4664C-0A6C-40CD-9915-D6C6814664C6}.Release|x86.Build.0 = Release|Any CPU
		{C3E5C456-F45E-4FC9-8EEB-AF6337CE26A1}.Debug|Any CPU.ActiveCfg = Debug|Any CPU
		{C3E5C456-F45E-4FC9-8EEB-AF6337CE26A1}.Debug|Any CPU.Build.0 = Debug|Any CPU
		{C3E5C456-F45E-4FC9-8EEB-AF6337CE26A1}.Debug|ARM.ActiveCfg = Debug|Any CPU
		{C3E5C456-F45E-4FC9-8EEB-AF6337CE26A1}.Debug|ARM.Build.0 = Debug|Any CPU
		{C3E5C456-F45E-4FC9-8EEB-AF6337CE26A1}.Debug|ARM64.ActiveCfg = Debug|Any CPU
		{C3E5C456-F45E-4FC9-8EEB-AF6337CE26A1}.Debug|ARM64.Build.0 = Debug|Any CPU
		{C3E5C456-F45E-4FC9-8EEB-AF6337CE26A1}.Debug|x64.ActiveCfg = Debug|Any CPU
		{C3E5C456-F45E-4FC9-8EEB-AF6337CE26A1}.Debug|x64.Build.0 = Debug|Any CPU
		{C3E5C456-F45E-4FC9-8EEB-AF6337CE26A1}.Debug|x86.ActiveCfg = Debug|Any CPU
		{C3E5C456-F45E-4FC9-8EEB-AF6337CE26A1}.Debug|x86.Build.0 = Debug|Any CPU
		{C3E5C456-F45E-4FC9-8EEB-AF6337CE26A1}.Release|Any CPU.ActiveCfg = Release|Any CPU
		{C3E5C456-F45E-4FC9-8EEB-AF6337CE26A1}.Release|Any CPU.Build.0 = Release|Any CPU
		{C3E5C456-F45E-4FC9-8EEB-AF6337CE26A1}.Release|ARM.ActiveCfg = Release|Any CPU
		{C3E5C456-F45E-4FC9-8EEB-AF6337CE26A1}.Release|ARM.Build.0 = Release|Any CPU
		{C3E5C456-F45E-4FC9-8EEB-AF6337CE26A1}.Release|ARM64.ActiveCfg = Release|Any CPU
		{C3E5C456-F45E-4FC9-8EEB-AF6337CE26A1}.Release|ARM64.Build.0 = Release|Any CPU
		{C3E5C456-F45E-4FC9-8EEB-AF6337CE26A1}.Release|x64.ActiveCfg = Release|Any CPU
		{C3E5C456-F45E-4FC9-8EEB-AF6337CE26A1}.Release|x64.Build.0 = Release|Any CPU
		{C3E5C456-F45E-4FC9-8EEB-AF6337CE26A1}.Release|x86.ActiveCfg = Release|Any CPU
		{C3E5C456-F45E-4FC9-8EEB-AF6337CE26A1}.Release|x86.Build.0 = Release|Any CPU
		{9D7AA409-A924-484E-9E25-85795D1D013F}.Debug|Any CPU.ActiveCfg = Debug|Any CPU
		{9D7AA409-A924-484E-9E25-85795D1D013F}.Debug|Any CPU.Build.0 = Debug|Any CPU
		{9D7AA409-A924-484E-9E25-85795D1D013F}.Debug|ARM.ActiveCfg = Debug|ARM32
		{9D7AA409-A924-484E-9E25-85795D1D013F}.Debug|ARM.Build.0 = Debug|ARM32
		{9D7AA409-A924-484E-9E25-85795D1D013F}.Debug|ARM64.ActiveCfg = Debug|ARM64
		{9D7AA409-A924-484E-9E25-85795D1D013F}.Debug|ARM64.Build.0 = Debug|ARM64
		{9D7AA409-A924-484E-9E25-85795D1D013F}.Debug|x64.ActiveCfg = Debug|x64
		{9D7AA409-A924-484E-9E25-85795D1D013F}.Debug|x64.Build.0 = Debug|x64
		{9D7AA409-A924-484E-9E25-85795D1D013F}.Debug|x86.ActiveCfg = Debug|x86
		{9D7AA409-A924-484E-9E25-85795D1D013F}.Debug|x86.Build.0 = Debug|x86
		{9D7AA409-A924-484E-9E25-85795D1D013F}.Release|Any CPU.ActiveCfg = Release|Any CPU
		{9D7AA409-A924-484E-9E25-85795D1D013F}.Release|Any CPU.Build.0 = Release|Any CPU
		{9D7AA409-A924-484E-9E25-85795D1D013F}.Release|ARM.ActiveCfg = Release|ARM32
		{9D7AA409-A924-484E-9E25-85795D1D013F}.Release|ARM.Build.0 = Release|ARM32
		{9D7AA409-A924-484E-9E25-85795D1D013F}.Release|ARM64.ActiveCfg = Release|ARM64
		{9D7AA409-A924-484E-9E25-85795D1D013F}.Release|ARM64.Build.0 = Release|ARM64
		{9D7AA409-A924-484E-9E25-85795D1D013F}.Release|x64.ActiveCfg = Release|x64
		{9D7AA409-A924-484E-9E25-85795D1D013F}.Release|x64.Build.0 = Release|x64
		{9D7AA409-A924-484E-9E25-85795D1D013F}.Release|x86.ActiveCfg = Release|x86
		{9D7AA409-A924-484E-9E25-85795D1D013F}.Release|x86.Build.0 = Release|x86
	EndGlobalSection
	GlobalSection(SolutionProperties) = preSolution
		HideSolutionNode = FALSE
	EndGlobalSection
	GlobalSection(NestedProjects) = preSolution
		{7CFFD7CB-EDEA-4569-B66C-2A93D7541BC3} = {BE92BA39-C69F-4DAE-8E96-E1BE09F9F41B}
	EndGlobalSection
	GlobalSection(ExtensibilityGlobals) = postSolution
		SolutionGuid = {BA10FE77-36A2-41BD-83B9-AA9C1E1A23A2}
	EndGlobalSection
EndGlobal
